
Microsoft Visual Studio Solution File, Format Version 12.00
Project("{FAE04EC0-301F-11D3-BF4B-00C04F79EFBC}") = "MontyHall", "MontyHall\MontyHall.csproj", "{954A3E17-8DF2-4B39-A525-822611ACF732}"
EndProject
Project("{FAE04EC0-301F-11D3-BF4B-00C04F79EFBC}") = "MontyHallTest", "MontyHallTest\MontyHallTest.csproj", "{12EF0D09-3235-4A8A-A7B6-9DED0BDC856E}"
EndProject
Global
	GlobalSection(SolutionConfigurationPlatforms) = preSolution
		Debug|Any CPU = Debug|Any CPU
		Release|Any CPU = Release|Any CPU
	EndGlobalSection
	GlobalSection(ProjectConfigurationPlatforms) = postSolution
		{954A3E17-8DF2-4B39-A525-822611ACF732}.Debug|Any CPU.ActiveCfg = Debug|Any CPU
		{954A3E17-8DF2-4B39-A525-822611ACF732}.Debug|Any CPU.Build.0 = Debug|Any CPU
		{954A3E17-8DF2-4B39-A525-822611ACF732}.Release|Any CPU.ActiveCfg = Release|Any CPU
		{954A3E17-8DF2-4B39-A525-822611ACF732}.Release|Any CPU.Build.0 = Release|Any CPU
		{12EF0D09-3235-4A8A-A7B6-9DED0BDC856E}.Debug|Any CPU.ActiveCfg = Debug|Any CPU
		{12EF0D09-3235-4A8A-A7B6-9DED0BDC856E}.Debug|Any CPU.Build.0 = Debug|Any CPU
		{12EF0D09-3235-4A8A-A7B6-9DED0BDC856E}.Release|Any CPU.ActiveCfg = Release|Any CPU
		{12EF0D09-3235-4A8A-A7B6-9DED0BDC856E}.Release|Any CPU.Build.0 = Release|Any CPU
	EndGlobalSection
EndGlobal
